
Microsoft Visual Studio Solution File, Format Version 12.00
# Visual Studio Version 17
VisualStudioVersion = 17.14.36119.2 d17.14
MinimumVisualStudioVersion = 10.0.40219.1
Project("{FAE04EC0-301F-11D3-BF4B-00C04F79EFBC}") = "Condorcet.B2.AspnetCore.MVC.Application", "Condorcet.B2.AspnetCore.MVC.Application.csproj", "{F91CEB62-1F37-03CE-2A8C-7BB12AFA673D}"
EndProject
Global
	GlobalSection(SolutionConfigurationPlatforms) = preSolution
		Debug|Any CPU = Debug|Any CPU
		Release|Any CPU = Release|Any CPU
	EndGlobalSection
	GlobalSection(ProjectConfigurationPlatforms) = postSolution
		{F91CEB62-1F37-03CE-2A8C-7BB12AFA673D}.Debug|Any CPU.ActiveCfg = Debug|Any CPU
		{F91CEB62-1F37-03CE-2A8C-7BB12AFA673D}.Debug|Any CPU.Build.0 = Debug|Any CPU
		{F91CEB62-1F37-03CE-2A8C-7BB12AFA673D}.Release|Any CPU.ActiveCfg = Release|Any CPU
		{F91CEB62-1F37-03CE-2A8C-7BB12AFA673D}.Release|Any CPU.Build.0 = Release|Any CPU
	EndGlobalSection
	GlobalSection(SolutionProperties) = preSolution
		HideSolutionNode = FALSE
	EndGlobalSection
	GlobalSection(ExtensibilityGlobals) = postSolution
		SolutionGuid = {1076951F-546F-439E-9D46-E225861EE9BA}
	EndGlobalSection
EndGlobal
